{
  "name": "todoappowl",
  "version": "1.0.0",
  "lockfileVersion": 1,
  "requires": true,
  "dependencies": {
    "@odoo/owl": {
      "version": "1.4.3",
      "resolved": "https://registry.npmjs.org/@odoo/owl/-/owl-1.4.3.tgz",
      "integrity": "sha512-1wCqbzhdUADhSopEB2uN1B7TqBFrgQvYIuKHBJ3uvYmyh90Bdc3b+TLAq3K/3DzSYcEhrlZKaAlPTyUpKrleZw=="
    }
  }
}
